
Microsoft Visual Studio Solution File, Format Version 12.00
# Visual Studio Version 17
VisualStudioVersion = 17.14.36127.28
MinimumVisualStudioVersion = 10.0.40219.1
Project("{8BC9CEB8-8B4A-11D0-8D11-00A0C91BC942}") = "Baselib", "Baselib\Baselib.vcxproj", "{1882E10B-E2DE-4E20-A4FB-14F3193030ED}"
EndProject
Project("{8BC9CEB8-8B4A-11D0-8D11-00A0C91BC942}") = "Netlib", "Netlib\Netlib.vcxproj", "{CCCD4465-D48F-4DA1-B125-ED8E735E46B6}"
EndProject
Global
	GlobalSection(SolutionConfigurationPlatforms) = preSolution
		Debug|x64 = Debug|x64
		Debug|x86 = Debug|x86
		Release|x64 = Release|x64
		Release|x86 = Release|x86
	EndGlobalSection
	GlobalSection(ProjectConfigurationPlatforms) = postSolution
		{1882E10B-E2DE-4E20-A4FB-14F3193030ED}.Debug|x64.ActiveCfg = Debug|x64
		{1882E10B-E2DE-4E20-A4FB-14F3193030ED}.Debug|x64.Build.0 = Debug|x64
		{1882E10B-E2DE-4E20-A4FB-14F3193030ED}.Debug|x86.ActiveCfg = Debug|Win32
		{1882E10B-E2DE-4E20-A4FB-14F3193030ED}.Debug|x86.Build.0 = Debug|Win32
		{1882E10B-E2DE-4E20-A4FB-14F3193030ED}.Release|x64.ActiveCfg = Release|x64
		{1882E10B-E2DE-4E20-A4FB-14F3193030ED}.Release|x64.Build.0 = Release|x64
		{1882E10B-E2DE-4E20-A4FB-14F3193030ED}.Release|x86.ActiveCfg = Release|Win32
		{1882E10B-E2DE-4E20-A4FB-14F3193030ED}.Release|x86.Build.0 = Release|Win32
		{CCCD4465-D48F-4DA1-B125-ED8E735E46B6}.Debug|x64.ActiveCfg = Debug|x64
		{CCCD4465-D48F-4DA1-B125-ED8E735E46B6}.Debug|x64.Build.0 = Debug|x64
		{CCCD4465-D48F-4DA1-B125-ED8E735E46B6}.Debug|x86.ActiveCfg = Debug|Win32
		{CCCD4465-D48F-4DA1-B125-ED8E735E46B6}.Debug|x86.Build.0 = Debug|Win32
		{CCCD4465-D48F-4DA1-B125-ED8E735E46B6}.Release|x64.ActiveCfg = Release|x64
		{CCCD4465-D48F-4DA1-B125-ED8E735E46B6}.Release|x64.Build.0 = Release|x64
		{CCCD4465-D48F-4DA1-B125-ED8E735E46B6}.Release|x86.ActiveCfg = Release|Win32
		{CCCD4465-D48F-4DA1-B125-ED8E735E46B6}.Release|x86.Build.0 = Release|Win32
	EndGlobalSection
	GlobalSection(SolutionProperties) = preSolution
		HideSolutionNode = FALSE
	EndGlobalSection
	GlobalSection(ExtensibilityGlobals) = postSolution
		SolutionGuid = {396FD37A-9308-415E-A3EF-E602D8652ED3}
	EndGlobalSection
EndGlobal
