<?xml version="1.0" encoding="utf-8"?>
<Project ToolsVersion="4.0" xmlns="http://schemas.microsoft.com/developer/msbuild/2003">
  <ItemGroup>
    <Filter Include="Source Files">
      <UniqueIdentifier>{4FC737F1-C7A5-4376-A066-2A32D752A2FF}</UniqueIdentifier>
      <Extensions>cpp;c;cc;cxx;c++;cppm;ixx;def;odl;idl;hpj;bat;asm;asmx</Extensions>
    </Filter>
    <Filter Include="Header Files">
      <UniqueIdentifier>{93995380-89BD-4b04-88EB-625FBE52EBFB}</UniqueIdentifier>
      <Extensions>h;hh;hpp;hxx;h++;hm;inl;inc;ipp;xsd</Extensions>
    </Filter>
    <Filter Include="Resource Files">
      <UniqueIdentifier>{67DA6AB6-F800-4c08-8B7A-83BB121AAD01}</UniqueIdentifier>
      <Extensions>rc;ico;cur;bmp;dlg;rc2;rct;bin;rgs;gif;jpg;jpeg;jpe;resx;tiff;tif;png;wav;mfcribbon-ms</Extensions>
    </Filter>
    <Filter Include="Header Files\tool">
      <UniqueIdentifier>{685caefc-3070-4958-945b-8724d312fbb1}</UniqueIdentifier>
    </Filter>
    <Filter Include="Header Files\db">
      <UniqueIdentifier>{ca8411b9-04bc-488a-94da-6e48500d5f0c}</UniqueIdentifier>
    </Filter>
  </ItemGroup>
  <ItemGroup>
    <ClCompile Include="..\..\Baselib\AdoDatabase.cpp">
      <Filter>Source Files</Filter>
    </ClCompile>
    <ClCompile Include="..\..\Baselib\LogManager.cpp">
      <Filter>Source Files</Filter>
    </ClCompile>
    <ClCompile Include="..\..\Baselib\main.cpp">
      <Filter>Source Files</Filter>
    </ClCompile>
    <ClCompile Include="..\..\Baselib\Markup.cpp">
      <Filter>Source Files</Filter>
    </ClCompile>
    <ClCompile Include="..\..\Baselib\PackageQueue.cpp">
      <Filter>Source Files</Filter>
    </ClCompile>
    <ClCompile Include="..\..\Baselib\ServiceInstance.cpp">
      <Filter>Source Files</Filter>
    </ClCompile>
    <ClCompile Include="..\..\Baselib\SnmpStatistic.cpp">
      <Filter>Source Files</Filter>
    </ClCompile>
    <ClCompile Include="..\..\Baselib\Thread.cpp">
      <Filter>Source Files</Filter>
    </ClCompile>
  </ItemGroup>
  <ItemGroup>
    <ClInclude Include="..\..\include\Config.h">
      <Filter>Header Files</Filter>
    </ClInclude>
    <ClInclude Include="..\..\include\tool\Buffer.h">
      <Filter>Header Files\tool</Filter>
    </ClInclude>
    <ClInclude Include="..\..\include\tool\DynamicMemoryPool.h">
      <Filter>Header Files\tool</Filter>
    </ClInclude>
    <ClInclude Include="..\..\include\tool\FixedMemoryPool.h">
      <Filter>Header Files\tool</Filter>
    </ClInclude>
    <ClInclude Include="..\..\include\tool\FixedObjectPool.h">
      <Filter>Header Files\tool</Filter>
    </ClInclude>
    <ClInclude Include="..\..\include\tool\LogManager.h">
      <Filter>Header Files\tool</Filter>
    </ClInclude>
    <ClInclude Include="..\..\include\tool\Markup.h">
      <Filter>Header Files\tool</Filter>
    </ClInclude>
    <ClInclude Include="..\..\include\tool\PackageQueue.h">
      <Filter>Header Files\tool</Filter>
    </ClInclude>
    <ClInclude Include="..\..\include\tool\Semaphore.h">
      <Filter>Header Files\tool</Filter>
    </ClInclude>
    <ClInclude Include="..\..\include\tool\ServiceInstance.h">
      <Filter>Header Files\tool</Filter>
    </ClInclude>
    <ClInclude Include="..\..\include\tool\Singleton.h">
      <Filter>Header Files\tool</Filter>
    </ClInclude>
    <ClInclude Include="..\..\include\tool\SnmpStatistic.h">
      <Filter>Header Files\tool</Filter>
    </ClInclude>
    <ClInclude Include="..\..\include\tool\Thread.h">
      <Filter>Header Files\tool</Filter>
    </ClInclude>
    <ClInclude Include="..\..\include\tool\ThreadLock.h">
      <Filter>Header Files\tool</Filter>
    </ClInclude>
    <ClInclude Include="..\..\include\tool\util.h">
      <Filter>Header Files\tool</Filter>
    </ClInclude>
    <ClInclude Include="..\..\include\db\AdoDatabase.h">
      <Filter>Header Files\db</Filter>
    </ClInclude>
    <ClInclude Include="..\..\include\db\AdoTypeConvert.h">
      <Filter>Header Files\db</Filter>
    </ClInclude>
  </ItemGroup>
</Project>